
Microsoft Visual Studio Solution File, Format Version 12.00
# Visual Studio Version 17
VisualStudioVersion = 17.9.34728.123
MinimumVisualStudioVersion = 10.0.40219.1
Project("{2150E333-8FDC-42A3-9474-1A3956D46DE8}") = "src", "src", "{D98E95F5-FA78-4CF9-AACB-D72E9EB44999}"
EndProject
Project("{2150E333-8FDC-42A3-9474-1A3956D46DE8}") = "API", "API", "{E415F7C3-92C6-444E-A35D-C9B75B3DEC53}"
EndProject
Project("{FAE04EC0-301F-11D3-BF4B-00C04F79EFBC}") = "WebApi", "src\API\WebApi\WebApi.csproj", "{9A235732-490B-4A82-A984-611C2B0614EA}"
EndProject
Project("{FAE04EC0-301F-11D3-BF4B-00C04F79EFBC}") = "Application", "src\API\Application\Application\Application.csproj", "{99ED6CFA-B028-4E0E-9665-4A7F0CE08D29}"
EndProject
Project("{FAE04EC0-301F-11D3-BF4B-00C04F79EFBC}") = "Presentation", "src\API\Presentation\Presentation\Presentation.csproj", "{755BD021-0BD5-47E5-9FDF-97F891BB16EE}"
EndProject
Project("{FAE04EC0-301F-11D3-BF4B-00C04F79EFBC}") = "Infrastructure", "src\API\Infrastructure\Infrastructure\Infrastructure.csproj", "{58FDFC14-B94C-4F88-878D-F45AEB0BA1AD}"
EndProject
Project("{2150E333-8FDC-42A3-9474-1A3956D46DE8}") = "Client", "Client", "{C17772A7-7B59-4A2B-AC6E-9EF40EEF0B48}"
EndProject
Project("{FAE04EC0-301F-11D3-BF4B-00C04F79EFBC}") = "WpfApp", "src\Client\WpfApp\WpfApp.csproj", "{14AA9B24-EF4A-45EC-BEB3-57DF12D3D4EB}"
EndProject
Project("{FAE04EC0-301F-11D3-BF4B-00C04F79EFBC}") = "Core", "src\Client\Core\Core.csproj", "{0AA5CC38-A9B5-4F96-ACA6-229777688EA2}"
EndProject
Global
	GlobalSection(SolutionConfigurationPlatforms) = preSolution
		Debug|Any CPU = Debug|Any CPU
		Release|Any CPU = Release|Any CPU
	EndGlobalSection
	GlobalSection(ProjectConfigurationPlatforms) = postSolution
		{9A235732-490B-4A82-A984-611C2B0614EA}.Debug|Any CPU.ActiveCfg = Debug|Any CPU
		{9A235732-490B-4A82-A984-611C2B0614EA}.Debug|Any CPU.Build.0 = Debug|Any CPU
		{9A235732-490B-4A82-A984-611C2B0614EA}.Release|Any CPU.ActiveCfg = Release|Any CPU
		{9A235732-490B-4A82-A984-611C2B0614EA}.Release|Any CPU.Build.0 = Release|Any CPU
		{99ED6CFA-B028-4E0E-9665-4A7F0CE08D29}.Debug|Any CPU.ActiveCfg = Debug|Any CPU
		{99ED6CFA-B028-4E0E-9665-4A7F0CE08D29}.Debug|Any CPU.Build.0 = Debug|Any CPU
		{99ED6CFA-B028-4E0E-9665-4A7F0CE08D29}.Release|Any CPU.ActiveCfg = Release|Any CPU
		{99ED6CFA-B028-4E0E-9665-4A7F0CE08D29}.Release|Any CPU.Build.0 = Release|Any CPU
		{755BD021-0BD5-47E5-9FDF-97F891BB16EE}.Debug|Any CPU.ActiveCfg = Debug|Any CPU
		{755BD021-0BD5-47E5-9FDF-97F891BB16EE}.Debug|Any CPU.Build.0 = Debug|Any CPU
		{755BD021-0BD5-47E5-9FDF-97F891BB16EE}.Release|Any CPU.ActiveCfg = Release|Any CPU
		{755BD021-0BD5-47E5-9FDF-97F891BB16EE}.Release|Any CPU.Build.0 = Release|Any CPU
		{58FDFC14-B94C-4F88-878D-F45AEB0BA1AD}.Debug|Any CPU.ActiveCfg = Debug|Any CPU
		{58FDFC14-B94C-4F88-878D-F45AEB0BA1AD}.Debug|Any CPU.Build.0 = Debug|Any CPU
		{58FDFC14-B94C-4F88-878D-F45AEB0BA1AD}.Release|Any CPU.ActiveCfg = Release|Any CPU
		{58FDFC14-B94C-4F88-878D-F45AEB0BA1AD}.Release|Any CPU.Build.0 = Release|Any CPU
		{14AA9B24-EF4A-45EC-BEB3-57DF12D3D4EB}.Debug|Any CPU.ActiveCfg = Debug|Any CPU
		{14AA9B24-EF4A-45EC-BEB3-57DF12D3D4EB}.Debug|Any CPU.Build.0 = Debug|Any CPU
		{14AA9B24-EF4A-45EC-BEB3-57DF12D3D4EB}.Release|Any CPU.ActiveCfg = Release|Any CPU
		{14AA9B24-EF4A-45EC-BEB3-57DF12D3D4EB}.Release|Any CPU.Build.0 = Release|Any CPU
		{0AA5CC38-A9B5-4F96-ACA6-229777688EA2}.Debug|Any CPU.ActiveCfg = Debug|Any CPU
		{0AA5CC38-A9B5-4F96-ACA6-229777688EA2}.Debug|Any CPU.Build.0 = Debug|Any CPU
		{0AA5CC38-A9B5-4F96-ACA6-229777688EA2}.Release|Any CPU.ActiveCfg = Release|Any CPU
		{0AA5CC38-A9B5-4F96-ACA6-229777688EA2}.Release|Any CPU.Build.0 = Release|Any CPU
	EndGlobalSection
	GlobalSection(SolutionProperties) = preSolution
		HideSolutionNode = FALSE
	EndGlobalSection
	GlobalSection(NestedProjects) = preSolution
		{E415F7C3-92C6-444E-A35D-C9B75B3DEC53} = {D98E95F5-FA78-4CF9-AACB-D72E9EB44999}
		{9A235732-490B-4A82-A984-611C2B0614EA} = {E415F7C3-92C6-444E-A35D-C9B75B3DEC53}
		{99ED6CFA-B028-4E0E-9665-4A7F0CE08D29} = {E415F7C3-92C6-444E-A35D-C9B75B3DEC53}
		{755BD021-0BD5-47E5-9FDF-97F891BB16EE} = {E415F7C3-92C6-444E-A35D-C9B75B3DEC53}
		{58FDFC14-B94C-4F88-878D-F45AEB0BA1AD} = {E415F7C3-92C6-444E-A35D-C9B75B3DEC53}
		{C17772A7-7B59-4A2B-AC6E-9EF40EEF0B48} = {D98E95F5-FA78-4CF9-AACB-D72E9EB44999}
		{14AA9B24-EF4A-45EC-BEB3-57DF12D3D4EB} = {C17772A7-7B59-4A2B-AC6E-9EF40EEF0B48}
		{0AA5CC38-A9B5-4F96-ACA6-229777688EA2} = {C17772A7-7B59-4A2B-AC6E-9EF40EEF0B48}
	EndGlobalSection
	GlobalSection(ExtensibilityGlobals) = postSolution
		SolutionGuid = {8A0A2B88-C88F-45DC-A488-C8E997821441}
	EndGlobalSection
EndGlobal
